{
  "nodes": {
    "emacs-community-overlay": {
      "locked": {
        "lastModified": 1630920179,
        "narHash": "sha256-+Js+hKdoowq5fssNSFNEPaQB6AGVKGL6Ayy4ZblAyJI=",
        "owner": "nix-community",
        "repo": "emacs-overlay",
        "rev": "be3061827cb2eea7f5083cb1eb5b9b86c37028f2",
        "type": "github"
      },
      "original": {
        "owner": "nix-community",
        "repo": "emacs-overlay",
        "type": "github"
      }
    },
    "home-manager": {
      "inputs": {
        "nixpkgs": [
          "nixpkgs"
        ]
      },
      "locked": {
        "lastModified": 1627649712,
        "narHash": "sha256-AJBasvMKpsyJmCLdjroBElCHY5AlalbVy+XY5vjbgXc=",
        "owner": "nix-community",
        "repo": "home-manager",
        "rev": "b39647e52ed3c0b989e9d5c965e598ae4c38d7ef",
        "type": "github"
      },
      "original": {
        "owner": "nix-community",
        "ref": "release-21.05",
        "repo": "home-manager",
        "type": "github"
      }
    },
    "nixpkgs": {
      "locked": {
        "lastModified": 1628865210,
        "narHash": "sha256-dB3IA8AYUQDXH+Xy/6nbv4QpIbVl88DphbcxJSUYiX4=",
        "owner": "NixOS",
        "repo": "nixpkgs",
        "rev": "a445f5829889959d65ad65e5c961d5c67e1cd677",
        "type": "github"
      },
      "original": {
        "owner": "NixOS",
        "ref": "nixos-21.05",
        "repo": "nixpkgs",
        "type": "github"
      }
    },
    "root": {
      "inputs": {
        "emacs-community-overlay": "emacs-community-overlay",
        "home-manager": "home-manager",
        "nixpkgs": "nixpkgs"
      }
    }
  },
  "root": "root",
  "version": 7
}
